
Microsoft Visual Studio Solution File, Format Version 12.00
# Visual Studio 15
VisualStudioVersion = 15.0.27703.2035
MinimumVisualStudioVersion = 10.0.40219.1
Project("{888888A0-9F3D-457C-B088-3A5042F75D52}") = "click_speed(real time)", "click_speed(real time).pyproj", "{F92FD133-A286-46C9-9C11-D9FF15F5C698}"
EndProject
Global
	GlobalSection(SolutionConfigurationPlatforms) = preSolution
		Debug|Any CPU = Debug|Any CPU
		Release|Any CPU = Release|Any CPU
	EndGlobalSection
	GlobalSection(ProjectConfigurationPlatforms) = postSolution
		{F92FD133-A286-46C9-9C11-D9FF15F5C698}.Debug|Any CPU.ActiveCfg = Debug|Any CPU
		{F92FD133-A286-46C9-9C11-D9FF15F5C698}.Release|Any CPU.ActiveCfg = Release|Any CPU
	EndGlobalSection
	GlobalSection(SolutionProperties) = preSolution
		HideSolutionNode = FALSE
	EndGlobalSection
	GlobalSection(ExtensibilityGlobals) = postSolution
		SolutionGuid = {8F627D4A-DAFE-4809-A8D3-2488FC357B0B}
	EndGlobalSection
EndGlobal
